
Microsoft Visual Studio Solution File, Format Version 12.00
# Visual Studio Version 16
VisualStudioVersion = 16.0.31112.23
MinimumVisualStudioVersion = 10.0.40219.1
Project("{FAE04EC0-301F-11D3-BF4B-00C04F79EFBC}") = "CFAir", "CFAir\CFAir.csproj", "{3FEEEC34-EFA6-4B98-ABC6-1B7C6EC8DD7E}"
EndProject
Project("{FAE04EC0-301F-11D3-BF4B-00C04F79EFBC}") = "CFAir.Tests", "CFAir.Tests\CFAir.Tests.csproj", "{D0196093-8592-4AB1-A46F-0F2E28BE650D}"
EndProject
Global
	GlobalSection(SolutionConfigurationPlatforms) = preSolution
		Debug|Any CPU = Debug|Any CPU
		Release|Any CPU = Release|Any CPU
	EndGlobalSection
	GlobalSection(ProjectConfigurationPlatforms) = postSolution
		{3FEEEC34-EFA6-4B98-ABC6-1B7C6EC8DD7E}.Debug|Any CPU.ActiveCfg = Debug|Any CPU
		{3FEEEC34-EFA6-4B98-ABC6-1B7C6EC8DD7E}.Debug|Any CPU.Build.0 = Debug|Any CPU
		{3FEEEC34-EFA6-4B98-ABC6-1B7C6EC8DD7E}.Release|Any CPU.ActiveCfg = Release|Any CPU
		{3FEEEC34-EFA6-4B98-ABC6-1B7C6EC8DD7E}.Release|Any CPU.Build.0 = Release|Any CPU
		{D0196093-8592-4AB1-A46F-0F2E28BE650D}.Debug|Any CPU.ActiveCfg = Debug|Any CPU
		{D0196093-8592-4AB1-A46F-0F2E28BE650D}.Debug|Any CPU.Build.0 = Debug|Any CPU
		{D0196093-8592-4AB1-A46F-0F2E28BE650D}.Release|Any CPU.ActiveCfg = Release|Any CPU
		{D0196093-8592-4AB1-A46F-0F2E28BE650D}.Release|Any CPU.Build.0 = Release|Any CPU
	EndGlobalSection
	GlobalSection(SolutionProperties) = preSolution
		HideSolutionNode = FALSE
	EndGlobalSection
	GlobalSection(ExtensibilityGlobals) = postSolution
		SolutionGuid = {E6817325-9EEE-4563-8BD6-FF015F8C4ECD}
	EndGlobalSection
EndGlobal
